
Microsoft Visual Studio Solution File, Format Version 12.00
# Visual Studio Version 17
VisualStudioVersion = 17.6.33815.320
MinimumVisualStudioVersion = 10.0.40219.1
Project("{FAE04EC0-301F-11D3-BF4B-00C04F79EFBC}") = "PMS Data Extraction from Machinery Manual", "PMS Data Extraction from Machinery Manual\PMS Data Extraction from Machinery Manual.csproj", "{A9656492-F425-4D85-A382-A4A27E9828ED}"
EndProject
Global
	GlobalSection(SolutionConfigurationPlatforms) = preSolution
		Debug|Any CPU = Debug|Any CPU
		Release|Any CPU = Release|Any CPU
	EndGlobalSection
	GlobalSection(ProjectConfigurationPlatforms) = postSolution
		{A9656492-F425-4D85-A382-A4A27E9828ED}.Debug|Any CPU.ActiveCfg = Debug|Any CPU
		{A9656492-F425-4D85-A382-A4A27E9828ED}.Debug|Any CPU.Build.0 = Debug|Any CPU
		{A9656492-F425-4D85-A382-A4A27E9828ED}.Release|Any CPU.ActiveCfg = Release|Any CPU
		{A9656492-F425-4D85-A382-A4A27E9828ED}.Release|Any CPU.Build.0 = Release|Any CPU
	EndGlobalSection
	GlobalSection(SolutionProperties) = preSolution
		HideSolutionNode = FALSE
	EndGlobalSection
	GlobalSection(ExtensibilityGlobals) = postSolution
		SolutionGuid = {FDCFDA55-F0BF-441C-A507-AFC644CEC852}
	EndGlobalSection
EndGlobal
